
Microsoft Visual Studio Solution File, Format Version 12.00
# Visual Studio Version 17
VisualStudioVersion = 17.3.32901.215
MinimumVisualStudioVersion = 10.0.40219.1
Project("{FAE04EC0-301F-11D3-BF4B-00C04F79EFBC}") = "StrategyPattern", "StrategyPattern.csproj", "{D4B91BEF-7B01-4677-8C1D-F6C9D878ACDF}"
EndProject
Global
	GlobalSection(SolutionConfigurationPlatforms) = preSolution
		Debug|Any CPU = Debug|Any CPU
		Release|Any CPU = Release|Any CPU
	EndGlobalSection
	GlobalSection(ProjectConfigurationPlatforms) = postSolution
		{D4B91BEF-7B01-4677-8C1D-F6C9D878ACDF}.Debug|Any CPU.ActiveCfg = Debug|Any CPU
		{D4B91BEF-7B01-4677-8C1D-F6C9D878ACDF}.Debug|Any CPU.Build.0 = Debug|Any CPU
		{D4B91BEF-7B01-4677-8C1D-F6C9D878ACDF}.Release|Any CPU.ActiveCfg = Release|Any CPU
		{D4B91BEF-7B01-4677-8C1D-F6C9D878ACDF}.Release|Any CPU.Build.0 = Release|Any CPU
	EndGlobalSection
	GlobalSection(SolutionProperties) = preSolution
		HideSolutionNode = FALSE
	EndGlobalSection
	GlobalSection(ExtensibilityGlobals) = postSolution
		SolutionGuid = {1299C9AD-0176-4491-9B50-4D0EB4726899}
	EndGlobalSection
EndGlobal
